// !$*UTF8*$!
{
	archiveVersion = 1;
	classes = {
	};
	objectVersion = 50;
	objects = {

/* Begin PBXBuildFile section */
		662DF06120D019DB00B86310 /* AppDelegate.swift in Sources */ = {isa = PBXBuildFile; fileRef = 662DF06020D019DB00B86310 /* AppDelegate.swift */; };
		662DF06320D019DB00B86310 /* ViewController.swift in Sources */ = {isa = PBXBuildFile; fileRef = 662DF06220D019DB00B86310 /* ViewController.swift */; };
		662DF06620D019DB00B86310 /* Main.storyboard in Resources */ = {isa = PBXBuildFile; fileRef = 662DF06420D019DB00B86310 /* Main.storyboard */; };
		662DF06920D019DB00B86310 /* Accelermetor.xcdatamodeld in Sources */ = {isa = PBXBuildFile; fileRef = 662DF06720D019DB00B86310 /* Accelermetor.xcdatamodeld */; };
		662DF06B20D019DC00B86310 /* Assets.xcassets in Resources */ = {isa = PBXBuildFile; fileRef = 662DF06A20D019DC00B86310 /* Assets.xcassets */; };
		662DF06E20D019DC00B86310 /* LaunchScreen.storyboard in Resources */ = {isa = PBXBuildFile; fileRef = 662DF06C20D019DC00B86310 /* LaunchScreen.storyboard */; };
		662DF07920D019DC00B86310 /* AccelermetorTests.swift in Sources */ = {isa = PBXBuildFile; fileRef = 662DF07820D019DC00B86310 /* AccelermetorTests.swift */; };
		662DF08420D019DC00B86310 /* AccelermetorUITests.swift in Sources */ = {isa = PBXBuildFile; fileRef = 662DF08320D019DC00B86310 /* AccelermetorUITests.swift */; };
		662DF09420D01AE100B86310 /* awa.png in Resources */ = {isa = PBXBuildFile; fileRef = 662DF09220D01AE100B86310 /* awa.png */; };
		662DF09520D01AE100B86310 /* suiheiki.png in Resources */ = {isa = PBXBuildFile; fileRef = 662DF09320D01AE100B86310 /* suiheiki.png */; };
		662DF09720D01C4A00B86310 /* MeasureViewController.swift in Sources */ = {isa = PBXBuildFile; fileRef = 662DF09620D01C4A00B86310 /* MeasureViewController.swift */; };
		662DF09920D01C5B00B86310 /* ResultViewController.swift in Sources */ = {isa = PBXBuildFile; fileRef = 662DF09820D01C5B00B86310 /* ResultViewController.swift */; };
/* End PBXBuildFile section */

/* Begin PBXContainerItemProxy section */
		662DF07520D019DC00B86310 /* PBXContainerItemProxy */ = {
			isa = PBXContainerItemProxy;
			containerPortal = 662DF05520D019DB00B86310 /* Project object */;
			proxyType = 1;
			remoteGlobalIDString = 662DF05C20D019DB00B86310;
			remoteInfo = Accelermetor;
		};
		662DF08020D019DC00B86310 /* PBXContainerItemProxy */ = {
			isa = PBXContainerItemProxy;
			containerPortal = 662DF05520D019DB00B86310 /* Project object */;
			proxyType = 1;
			remoteGlobalIDString = 662DF05C20D019DB00B86310;
			remoteInfo = Accelermetor;
		};
/* End PBXContainerItemProxy section */

/* Begin PBXFileReference section */
		662DF05D20D019DB00B86310 /* Accelermetor.app */ = {isa = PBXFileReference; explicitFileType = wrapper.application; includeInIndex = 0; path = Accelermetor.app; sourceTree = BUILT_PRODUCTS_DIR; };
		662DF06020D019DB00B86310 /* AppDelegate.swift */ = {isa = PBXFileReference; lastKnownFileType = sourcecode.swift; path = AppDelegate.swift; sourceTree = "<group>"; };
		662DF06220D019DB00B86310 /* ViewController.swift */ = {isa = PBXFileReference; lastKnownFileType = sourcecode.swift; path = ViewController.swift; sourceTree = "<group>"; };
		662DF06520D019DB00B86310 /* Base */ = {isa = PBXFileReference; lastKnownFileType = file.storyboard; name = Base; path = Base.lproj/Main.storyboard; sourceTree = "<group>"; };
		662DF06820D019DB00B86310 /* Accelermetor.xcdatamodel */ = {isa = PBXFileReference; lastKnownFileType = wrapper.xcdatamodel; path = Accelermetor.xcdatamodel; sourceTree = "<group>"; };
		662DF06A20D019DC00B86310 /* Assets.xcassets */ = {isa = PBXFileReference; lastKnownFileType = folder.assetcatalog; path = Assets.xcassets; sourceTree = "<group>"; };
		662DF06D20D019DC00B86310 /* Base */ = {isa = PBXFileReference; lastKnownFileType = file.storyboard; name = Base; path = Base.lproj/LaunchScreen.storyboard; sourceTree = "<group>"; };
		662DF06F20D019DC00B86310 /* Info.plist */ = {isa = PBXFileReference; lastKnownFileType = text.plist.xml; path = Info.plist; sourceTree = "<group>"; };
		662DF07420D019DC00B86310 /* AccelermetorTests.xctest */ = {isa = PBXFileReference; explicitFileType = wrapper.cfbundle; includeInIndex = 0; path = AccelermetorTests.xctest; sourceTree = BUILT_PRODUCTS_DIR; };
		662DF07820D019DC00B86310 /* AccelermetorTests.swift */ = {isa = PBXFileReference; lastKnownFileType = sourcecode.swift; path = AccelermetorTests.swift; sourceTree = "<group>"; };
		662DF07A20D019DC00B86310 /* Info.plist */ = {isa = PBXFileReference; lastKnownFileType = text.plist.xml; path = Info.plist; sourceTree = "<group>"; };
		662DF07F20D019DC00B86310 /* AccelermetorUITests.xctest */ = {isa = PBXFileReference; explicitFileType = wrapper.cfbundle; includeInIndex = 0; path = AccelermetorUITests.xctest; sourceTree = BUILT_PRODUCTS_DIR; };
		662DF08320D019DC00B86310 /* AccelermetorUITests.swift */ = {isa = PBXFileReference; lastKnownFileType = sourcecode.swift; path = AccelermetorUITests.swift; sourceTree = "<group>"; };
		662DF08520D019DC00B86310 /* Info.plist */ = {isa = PBXFileReference; lastKnownFileType = text.plist.xml; path = Info.plist; sourceTree = "<group>"; };
		662DF09220D01AE100B86310 /* awa.png */ = {isa = PBXFileReference; lastKnownFileType = image.png; path = awa.png; sourceTree = "<group>"; };
		662DF09320D01AE100B86310 /* suiheiki.png */ = {isa = PBXFileReference; lastKnownFileType = image.png; path = suiheiki.png; sourceTree = "<group>"; };
		662DF09620D01C4A00B86310 /* MeasureViewController.swift */ = {isa = PBXFileReference; lastKnownFileType = sourcecode.swift; path = MeasureViewController.swift; sourceTree = "<group>"; };
		662DF09820D01C5B00B86310 /* ResultViewController.swift */ = {isa = PBXFileReference; lastKnownFileType = sourcecode.swift; path = ResultViewController.swift; sourceTree = "<group>"; };
/* End PBXFileReference section */

/* Begin PBXFrameworksBuildPhase section */
		662DF05A20D019DB00B86310 /* Frameworks */ = {
			isa = PBXFrameworksBuildPhase;
			buildActionMask = 2147483647;
			files = (
			);
			runOnlyForDeploymentPostprocessing = 0;
		};
		662DF07120D019DC00B86310 /* Frameworks */ = {
			isa = PBXFrameworksBuildPhase;
			buildActionMask = 2147483647;
			files = (
			);
			runOnlyForDeploymentPostprocessing = 0;
		};
		662DF07C20D019DC00B86310 /* Frameworks */ = {
			isa = PBXFrameworksBuildPhase;
			buildActionMask = 2147483647;
			files = (
			);
			runOnlyForDeploymentPostprocessing = 0;
		};
/* End PBXFrameworksBuildPhase section */

/* Begin PBXGroup section */
		662DF05420D019DB00B86310 = {
			isa = PBXGroup;
			children = (
				662DF05F20D019DB00B86310 /* Accelermetor */,
				662DF07720D019DC00B86310 /* AccelermetorTests */,
				662DF08220D019DC00B86310 /* AccelermetorUITests */,
				662DF05E20D019DB00B86310 /* Products */,
			);
			sourceTree = "<group>";
		};
		662DF05E20D019DB00B86310 /* Products */ = {
			isa = PBXGroup;
			children = (
				662DF05D20D019DB00B86310 /* Accelermetor.app */,
				662DF07420D019DC00B86310 /* AccelermetorTests.xctest */,
				662DF07F20D019DC00B86310 /* AccelermetorUITests.xctest */,
			);
			name = Products;
			sourceTree = "<group>";
		};
		662DF05F20D019DB00B86310 /* Accelermetor */ = {
			isa = PBXGroup;
			children = (
				662DF09120D01AE100B86310 /* 13_Resource */,
				662DF06020D019DB00B86310 /* AppDelegate.swift */,
				662DF06220D019DB00B86310 /* ViewController.swift */,
				662DF09620D01C4A00B86310 /* MeasureViewController.swift */,
				662DF09820D01C5B00B86310 /* ResultViewController.swift */,
				662DF06420D019DB00B86310 /* Main.storyboard */,
				662DF06A20D019DC00B86310 /* Assets.xcassets */,
				662DF06C20D019DC00B86310 /* LaunchScreen.storyboard */,
				662DF06F20D019DC00B86310 /* Info.plist */,
				662DF06720D019DB00B86310 /* Accelermetor.xcdatamodeld */,
			);
			path = Accelermetor;
			sourceTree = "<group>";
		};
		662DF07720D019DC00B86310 /* AccelermetorTests */ = {
			isa = PBXGroup;
			children = (
				662DF07820D019DC00B86310 /* AccelermetorTests.swift */,
				662DF07A20D019DC00B86310 /* Info.plist */,
			);
			path = AccelermetorTests;
			sourceTree = "<group>";
		};
		662DF08220D019DC00B86310 /* AccelermetorUITests */ = {
			isa = PBXGroup;
			children = (
				662DF08320D019DC00B86310 /* AccelermetorUITests.swift */,
				662DF08520D019DC00B86310 /* Info.plist */,
			);
			path = AccelermetorUITests;
			sourceTree = "<group>";
		};
		662DF09120D01AE100B86310 /* 13_Resource */ = {
			isa = PBXGroup;
			children = (
				662DF09220D01AE100B86310 /* awa.png */,
				662DF09320D01AE100B86310 /* suiheiki.png */,
			);
			path = 13_Resource;
			sourceTree = "<group>";
		};
/* End PBXGroup section */

/* Begin PBXNativeTarget section */
		662DF05C20D019DB00B86310 /* Accelermetor */ = {
			isa = PBXNativeTarget;
			buildConfigurationList = 662DF08820D019DC00B86310 /* Build configuration list for PBXNativeTarget "Accelermetor" */;
			buildPhases = (
				662DF05920D019DB00B86310 /* Sources */,
				662DF05A20D019DB00B86310 /* Frameworks */,
				662DF05B20D019DB00B86310 /* Resources */,
			);
			buildRules = (
			);
			dependencies = (
			);
			name = Accelermetor;
			productName = Accelermetor;
			productReference = 662DF05D20D019DB00B86310 /* Accelermetor.app */;
			productType = "com.apple.product-type.application";
		};
		662DF07320D019DC00B86310 /* AccelermetorTests */ = {
			isa = PBXNativeTarget;
			buildConfigurationList = 662DF08B20D019DC00B86310 /* Build configuration list for PBXNativeTarget "AccelermetorTests" */;
			buildPhases = (
				662DF07020D019DC00B86310 /* Sources */,
				662DF07120D019DC00B86310 /* Frameworks */,
				662DF07220D019DC00B86310 /* Resources */,
			);
			buildRules = (
			);
			dependencies = (
				662DF07620D019DC00B86310 /* PBXTargetDependency */,
			);
			name = AccelermetorTests;
			productName = AccelermetorTests;
			productReference = 662DF07420D019DC00B86310 /* AccelermetorTests.xctest */;
			productType = "com.apple.product-type.bundle.unit-test";
		};
		662DF07E20D019DC00B86310 /* AccelermetorUITests */ = {
			isa = PBXNativeTarget;
			buildConfigurationList = 662DF08E20D019DC00B86310 /* Build configuration list for PBXNativeTarget "AccelermetorUITests" */;
			buildPhases = (
				662DF07B20D019DC00B86310 /* Sources */,
				662DF07C20D019DC00B86310 /* Frameworks */,
				662DF07D20D019DC00B86310 /* Resources */,
			);
			buildRules = (
			);
			dependencies = (
				662DF08120D019DC00B86310 /* PBXTargetDependency */,
			);
			name = AccelermetorUITests;
			productName = AccelermetorUITests;
			productReference = 662DF07F20D019DC00B86310 /* AccelermetorUITests.xctest */;
			productType = "com.apple.product-type.bundle.ui-testing";
		};
/* End PBXNativeTarget section */

/* Begin PBXProject section */
		662DF05520D019DB00B86310 /* Project object */ = {
			isa = PBXProject;
			attributes = {
				LastSwiftUpdateCheck = 0940;
				LastUpgradeCheck = 0940;
				ORGANIZATIONNAME = TakumiObayashi;
				TargetAttributes = {
					662DF05C20D019DB00B86310 = {
						CreatedOnToolsVersion = 9.4;
					};
					662DF07320D019DC00B86310 = {
						CreatedOnToolsVersion = 9.4;
						TestTargetID = 662DF05C20D019DB00B86310;
					};
					662DF07E20D019DC00B86310 = {
						CreatedOnToolsVersion = 9.4;
						TestTargetID = 662DF05C20D019DB00B86310;
					};
				};
			};
			buildConfigurationList = 662DF05820D019DB00B86310 /* Build configuration list for PBXProject "Accelermetor" */;
			compatibilityVersion = "Xcode 9.3";
			developmentRegion = en;
			hasScannedForEncodings = 0;
			knownRegions = (
				en,
				Base,
			);
			mainGroup = 662DF05420D019DB00B86310;
			productRefGroup = 662DF05E20D019DB00B86310 /* Products */;
			projectDirPath = "";
			projectRoot = "";
			targets = (
				662DF05C20D019DB00B86310 /* Accelermetor */,
				662DF07320D019DC00B86310 /* AccelermetorTests */,
				662DF07E20D019DC00B86310 /* AccelermetorUITests */,
			);
		};
/* End PBXProject section */

/* Begin PBXResourcesBuildPhase section */
		662DF05B20D019DB00B86310 /* Resources */ = {
			isa = PBXResourcesBuildPhase;
			buildActionMask = 2147483647;
			files = (
				662DF06E20D019DC00B86310 /* LaunchScreen.storyboard in Resources */,
				662DF06B20D019DC00B86310 /* Assets.xcassets in Resources */,
				662DF09520D01AE100B86310 /* suiheiki.png in Resources */,
				662DF06620D019DB00B86310 /* Main.storyboard in Resources */,
				662DF09420D01AE100B86310 /* awa.png in Resources */,
			);
			runOnlyForDeploymentPostprocessing = 0;
		};
		662DF07220D019DC00B86310 /* Resources */ = {
			isa = PBXResourcesBuildPhase;
			buildActionMask = 2147483647;
			files = (
			);
			runOnlyForDeploymentPostprocessing = 0;
		};
		662DF07D20D019DC00B86310 /* Resources */ = {
			isa = PBXResourcesBuildPhase;
			buildActionMask = 2147483647;
			files = (
			);
			runOnlyForDeploymentPostprocessing = 0;
		};
/* End PBXResourcesBuildPhase section */

/* Begin PBXSourcesBuildPhase section */
		662DF05920D019DB00B86310 /* Sources */ = {
			isa = PBXSourcesBuildPhase;
			buildActionMask = 2147483647;
			files = (
				662DF09920D01C5B00B86310 /* ResultViewController.swift in Sources */,
				662DF06320D019DB00B86310 /* ViewController.swift in Sources */,
				662DF06120D019DB00B86310 /* AppDelegate.swift in Sources */,
				662DF06920D019DB00B86310 /* Accelermetor.xcdatamodeld in Sources */,
				662DF09720D01C4A00B86310 /* MeasureViewController.swift in Sources */,
			);
			runOnlyForDeploymentPostprocessing = 0;
		};
		662DF07020D019DC00B86310 /* Sources */ = {
			isa = PBXSourcesBuildPhase;
			buildActionMask = 2147483647;
			files = (
				662DF07920D019DC00B86310 /* AccelermetorTests.swift in Sources */,
			);
			runOnlyForDeploymentPostprocessing = 0;
		};
		662DF07B20D019DC00B86310 /* Sources */ = {
			isa = PBXSourcesBuildPhase;
			buildActionMask = 2147483647;
			files = (
				662DF08420D019DC00B86310 /* AccelermetorUITests.swift in Sources */,
			);
			runOnlyForDeploymentPostprocessing = 0;
		};
/* End PBXSourcesBuildPhase section */

/* Begin PBXTargetDependency section */
		662DF07620D019DC00B86310 /* PBXTargetDependency */ = {
			isa = PBXTargetDependency;
			target = 662DF05C20D019DB00B86310 /* Accelermetor */;
			targetProxy = 662DF07520D019DC00B86310 /* PBXContainerItemProxy */;
		};
		662DF08120D019DC00B86310 /* PBXTargetDependency */ = {
			isa = PBXTargetDependency;
			target = 662DF05C20D019DB00B86310 /* Accelermetor */;
			targetProxy = 662DF08020D019DC00B86310 /* PBXContainerItemProxy */;
		};
/* End PBXTargetDependency section */

/* Begin PBXVariantGroup section */
		662DF06420D019DB00B86310 /* Main.storyboard */ = {
			isa = PBXVariantGroup;
			children = (
				662DF06520D019DB00B86310 /* Base */,
			);
			name = Main.storyboard;
			sourceTree = "<group>";
		};
		662DF06C20D019DC00B86310 /* LaunchScreen.storyboard */ = {
			isa = PBXVariantGroup;
			children = (
				662DF06D20D019DC00B86310 /* Base */,
			);
			name = LaunchScreen.storyboard;
			sourceTree = "<group>";
		};
/* End PBXVariantGroup section */

/* Begin XCBuildConfiguration section */
		662DF08620D019DC00B86310 /* Debug */ = {
			isa = XCBuildConfiguration;
			buildSettings = {
				ALWAYS_SEARCH_USER_PATHS = NO;
				CLANG_ANALYZER_NONNULL = YES;
				CLANG_ANALYZER_NUMBER_OBJECT_CONVERSION = YES_AGGRESSIVE;
				CLANG_CXX_LANGUAGE_STANDARD = "gnu++14";
				CLANG_CXX_LIBRARY = "libc++";
				CLANG_ENABLE_MODULES = YES;
				CLANG_ENABLE_OBJC_ARC = YES;
				CLANG_ENABLE_OBJC_WEAK = YES;
				CLANG_WARN_BLOCK_CAPTURE_AUTORELEASING = YES;
				CLANG_WARN_BOOL_CONVERSION = YES;
				CLANG_WARN_COMMA = YES;
				CLANG_WARN_CONSTANT_CONVERSION = YES;
				CLANG_WARN_DEPRECATED_OBJC_IMPLEMENTATIONS = YES;
				CLANG_WARN_DIRECT_OBJC_ISA_USAGE = YES_ERROR;
				CLANG_WARN_DOCUMENTATION_COMMENTS = YES;
				CLANG_WARN_EMPTY_BODY = YES;
				CLANG_WARN_ENUM_CONVERSION = YES;
				CLANG_WARN_INFINITE_RECURSION = YES;
				CLANG_WARN_INT_CONVERSION = YES;
				CLANG_WARN_NON_LITERAL_NULL_CONVERSION = YES;
				CLANG_WARN_OBJC_IMPLICIT_RETAIN_SELF = YES;
				CLANG_WARN_OBJC_LITERAL_CONVERSION = YES;
				CLANG_WARN_OBJC_ROOT_CLASS = YES_ERROR;
				CLANG_WARN_RANGE_LOOP_ANALYSIS = YES;
				CLANG_WARN_STRICT_PROTOTYPES = YES;
				CLANG_WARN_SUSPICIOUS_MOVE = YES;
				CLANG_WARN_UNGUARDED_AVAILABILITY = YES_AGGRESSIVE;
				CLANG_WARN_UNREACHABLE_CODE = YES;
				CLANG_WARN__DUPLICATE_METHOD_MATCH = YES;
				CODE_SIGN_IDENTITY = "iPhone Developer";
				COPY_PHASE_STRIP = NO;
				DEBUG_INFORMATION_FORMAT = dwarf;
				ENABLE_STRICT_OBJC_MSGSEND = YES;
				ENABLE_TESTABILITY = YES;
				GCC_C_LANGUAGE_STANDARD = gnu11;
				GCC_DYNAMIC_NO_PIC = NO;
				GCC_NO_COMMON_BLOCKS = YES;
				GCC_OPTIMIZATION_LEVEL = 0;
				GCC_PREPROCESSOR_DEFINITIONS = (
					"DEBUG=1",
					"$(inherited)",
				);
				GCC_WARN_64_TO_32_BIT_CONVERSION = YES;
				GCC_WARN_ABOUT_RETURN_TYPE = YES_ERROR;
				GCC_WARN_UNDECLARED_SELECTOR = YES;
				GCC_WARN_UNINITIALIZED_AUTOS = YES_AGGRESSIVE;
				GCC_WARN_UNUSED_FUNCTION = YES;
				GCC_WARN_UNUSED_VARIABLE = YES;
				IPHONEOS_DEPLOYMENT_TARGET = 11.4;
				MTL_ENABLE_DEBUG_INFO = YES;
				ONLY_ACTIVE_ARCH = YES;
				SDKROOT = iphoneos;
				SWIFT_ACTIVE_COMPILATION_CONDITIONS = DEBUG;
				SWIFT_OPTIMIZATION_LEVEL = "-Onone";
			};
			name = Debug;
		};
		662DF08720D019DC00B86310 /* Release */ = {
			isa = XCBuildConfiguration;
			buildSettings = {
				ALWAYS_SEARCH_USER_PATHS = NO;
				CLANG_ANALYZER_NONNULL = YES;
				CLANG_ANALYZER_NUMBER_OBJECT_CONVERSION = YES_AGGRESSIVE;
				CLANG_CXX_LANGUAGE_STANDARD = "gnu++14";
				CLANG_CXX_LIBRARY = "libc++";
				CLANG_ENABLE_MODULES = YES;
				CLANG_ENABLE_OBJC_ARC = YES;
				CLANG_ENABLE_OBJC_WEAK = YES;
				CLANG_WARN_BLOCK_CAPTURE_AUTORELEASING = YES;
				CLANG_WARN_BOOL_CONVERSION = YES;
				CLANG_WARN_COMMA = YES;
				CLANG_WARN_CONSTANT_CONVERSION = YES;
				CLANG_WARN_DEPRECATED_OBJC_IMPLEMENTATIONS = YES;
				CLANG_WARN_DIRECT_OBJC_ISA_USAGE = YES_ERROR;
				CLANG_WARN_DOCUMENTATION_COMMENTS = YES;
				CLANG_WARN_EMPTY_BODY = YES;
				CLANG_WARN_ENUM_CONVERSION = YES;
				CLANG_WARN_INFINITE_RECURSION = YES;
				CLANG_WARN_INT_CONVERSION = YES;
				CLANG_WARN_NON_LITERAL_NULL_CONVERSION = YES;
				CLANG_WARN_OBJC_IMPLICIT_RETAIN_SELF = YES;
				CLANG_WARN_OBJC_LITERAL_CONVERSION = YES;
				CLANG_WARN_OBJC_ROOT_CLASS = YES_ERROR;
				CLANG_WARN_RANGE_LOOP_ANALYSIS = YES;
				CLANG_WARN_STRICT_PROTOTYPES = YES;
				CLANG_WARN_SUSPICIOUS_MOVE = YES;
				CLANG_WARN_UNGUARDED_AVAILABILITY = YES_AGGRESSIVE;
				CLANG_WARN_UNREACHABLE_CODE = YES;
				CLANG_WARN__DUPLICATE_METHOD_MATCH = YES;
				CODE_SIGN_IDENTITY = "iPhone Developer";
				COPY_PHASE_STRIP = NO;
				DEBUG_INFORMATION_FORMAT = "dwarf-with-dsym";
				ENABLE_NS_ASSERTIONS = NO;
				ENABLE_STRICT_OBJC_MSGSEND = YES;
				GCC_C_LANGUAGE_STANDARD = gnu11;
				GCC_NO_COMMON_BLOCKS = YES;
				GCC_WARN_64_TO_32_BIT_CONVERSION = YES;
				GCC_WARN_ABOUT_RETURN_TYPE = YES_ERROR;
				GCC_WARN_UNDECLARED_SELECTOR = YES;
				GCC_WARN_UNINITIALIZED_AUTOS = YES_AGGRESSIVE;
				GCC_WARN_UNUSED_FUNCTION = YES;
				GCC_WARN_UNUSED_VARIABLE = YES;
				IPHONEOS_DEPLOYMENT_TARGET = 11.4;
				MTL_ENABLE_DEBUG_INFO = NO;
				SDKROOT = iphoneos;
				SWIFT_COMPILATION_MODE = wholemodule;
				SWIFT_OPTIMIZATION_LEVEL = "-O";
				VALIDATE_PRODUCT = YES;
			};
			name = Release;
		};
		662DF08920D019DC00B86310 /* Debug */ = {
			isa = XCBuildConfiguration;
			buildSettings = {
				ASSETCATALOG_COMPILER_APPICON_NAME = AppIcon;
				CODE_SIGN_STYLE = Automatic;
				DEVELOPMENT_TEAM = 6JB2SDQGN3;
				INFOPLIST_FILE = Accelermetor/Info.plist;
				IPHONEOS_DEPLOYMENT_TARGET = 11.3;
				LD_RUNPATH_SEARCH_PATHS = (
					"$(inherited)",
					"@executable_path/Frameworks",
				);
				PRODUCT_BUNDLE_IDENTIFIER = TakumiObayashi.Accelermetor;
				PRODUCT_NAME = "$(TARGET_NAME)";
				SWIFT_VERSION = 4.0;
				TARGETED_DEVICE_FAMILY = "1,2";
			};
			name = Debug;
		};
		662DF08A20D019DC00B86310 /* Release */ = {
			isa = XCBuildConfiguration;
			buildSettings = {
				ASSETCATALOG_COMPILER_APPICON_NAME = AppIcon;
				CODE_SIGN_STYLE = Automatic;
				DEVELOPMENT_TEAM = 6JB2SDQGN3;
				INFOPLIST_FILE = Accelermetor/Info.plist;
				IPHONEOS_DEPLOYMENT_TARGET = 11.3;
				LD_RUNPATH_SEARCH_PATHS = (
					"$(inherited)",
					"@executable_path/Frameworks",
				);
				PRODUCT_BUNDLE_IDENTIFIER = TakumiObayashi.Accelermetor;
				PRODUCT_NAME = "$(TARGET_NAME)";
				SWIFT_VERSION = 4.0;
				TARGETED_DEVICE_FAMILY = "1,2";
			};
			name = Release;
		};
		662DF08C20D019DC00B86310 /* Debug */ = {
			isa = XCBuildConfiguration;
			buildSettings = {
				ALWAYS_EMBED_SWIFT_STANDARD_LIBRARIES = YES;
				BUNDLE_LOADER = "$(TEST_HOST)";
				CODE_SIGN_STYLE = Automatic;
				DEVELOPMENT_TEAM = 6JB2SDQGN3;
				INFOPLIST_FILE = AccelermetorTests/Info.plist;
				LD_RUNPATH_SEARCH_PATHS = (
					"$(inherited)",
					"@executable_path/Frameworks",
					"@loader_path/Frameworks",
				);
				PRODUCT_BUNDLE_IDENTIFIER = TakumiObayashi.AccelermetorTests;
				PRODUCT_NAME = "$(TARGET_NAME)";
				SWIFT_VERSION = 4.0;
				TARGETED_DEVICE_FAMILY = "1,2";
				TEST_HOST = "$(BUILT_PRODUCTS_DIR)/Accelermetor.app/Accelermetor";
			};
			name = Debug;
		};
		662DF08D20D019DC00B86310 /* Release */ = {
			isa = XCBuildConfiguration;
			buildSettings = {
				ALWAYS_EMBED_SWIFT_STANDARD_LIBRARIES = YES;
				BUNDLE_LOADER = "$(TEST_HOST)";
				CODE_SIGN_STYLE = Automatic;
				DEVELOPMENT_TEAM = 6JB2SDQGN3;
				INFOPLIST_FILE = AccelermetorTests/Info.plist;
				LD_RUNPATH_SEARCH_PATHS = (
					"$(inherited)",
					"@executable_path/Frameworks",
					"@loader_path/Frameworks",
				);
				PRODUCT_BUNDLE_IDENTIFIER = TakumiObayashi.AccelermetorTests;
				PRODUCT_NAME = "$(TARGET_NAME)";
				SWIFT_VERSION = 4.0;
				TARGETED_DEVICE_FAMILY = "1,2";
				TEST_HOST = "$(BUILT_PRODUCTS_DIR)/Accelermetor.app/Accelermetor";
			};
			name = Release;
		};
		662DF08F20D019DC00B86310 /* Debug */ = {
			isa = XCBuildConfiguration;
			buildSettings = {
				ALWAYS_EMBED_SWIFT_STANDARD_LIBRARIES = YES;
				CODE_SIGN_STYLE = Automatic;
				DEVELOPMENT_TEAM = 6JB2SDQGN3;
				INFOPLIST_FILE = AccelermetorUITests/Info.plist;
				LD_RUNPATH_SEARCH_PATHS = (
					"$(inherited)",
					"@executable_path/Frameworks",
					"@loader_path/Frameworks",
				);
				PRODUCT_BUNDLE_IDENTIFIER = TakumiObayashi.AccelermetorUITests;
				PRODUCT_NAME = "$(TARGET_NAME)";
				SWIFT_VERSION = 4.0;
				TARGETED_DEVICE_FAMILY = "1,2";
				TEST_TARGET_NAME = Accelermetor;
			};
			name = Debug;
		};
		662DF09020D019DC00B86310 /* Release */ = {
			isa = XCBuildConfiguration;
			buildSettings = {
				ALWAYS_EMBED_SWIFT_STANDARD_LIBRARIES = YES;
				CODE_SIGN_STYLE = Automatic;
				DEVELOPMENT_TEAM = 6JB2SDQGN3;
				INFOPLIST_FILE = AccelermetorUITests/Info.plist;
				LD_RUNPATH_SEARCH_PATHS = (
					"$(inherited)",
					"@executable_path/Frameworks",
					"@loader_path/Frameworks",
				);
				PRODUCT_BUNDLE_IDENTIFIER = TakumiObayashi.AccelermetorUITests;
				PRODUCT_NAME = "$(TARGET_NAME)";
				SWIFT_VERSION = 4.0;
				TARGETED_DEVICE_FAMILY = "1,2";
				TEST_TARGET_NAME = Accelermetor;
			};
			name = Release;
		};
/* End XCBuildConfiguration section */

/* Begin XCConfigurationList section */
		662DF05820D019DB00B86310 /* Build configuration list for PBXProject "Accelermetor" */ = {
			isa = XCConfigurationList;
			buildConfigurations = (
				662DF08620D019DC00B86310 /* Debug */,
				662DF08720D019DC00B86310 /* Release */,
			);
			defaultConfigurationIsVisible = 0;
			defaultConfigurationName = Release;
		};
		662DF08820D019DC00B86310 /* Build configuration list for PBXNativeTarget "Accelermetor" */ = {
			isa = XCConfigurationList;
			buildConfigurations = (
				662DF08920D019DC00B86310 /* Debug */,
				662DF08A20D019DC00B86310 /* Release */,
			);
			defaultConfigurationIsVisible = 0;
			defaultConfigurationName = Release;
		};
		662DF08B20D019DC00B86310 /* Build configuration list for PBXNativeTarget "AccelermetorTests" */ = {
			isa = XCConfigurationList;
			buildConfigurations = (
				662DF08C20D019DC00B86310 /* Debug */,
				662DF08D20D019DC00B86310 /* Release */,
			);
			defaultConfigurationIsVisible = 0;
			defaultConfigurationName = Release;
		};
		662DF08E20D019DC00B86310 /* Build configuration list for PBXNativeTarget "AccelermetorUITests" */ = {
			isa = XCConfigurationList;
			buildConfigurations = (
				662DF08F20D019DC00B86310 /* Debug */,
				662DF09020D019DC00B86310 /* Release */,
			);
			defaultConfigurationIsVisible = 0;
			defaultConfigurationName = Release;
		};
/* End XCConfigurationList section */

/* Begin XCVersionGroup section */
		662DF06720D019DB00B86310 /* Accelermetor.xcdatamodeld */ = {
			isa = XCVersionGroup;
			children = (
				662DF06820D019DB00B86310 /* Accelermetor.xcdatamodel */,
			);
			currentVersion = 662DF06820D019DB00B86310 /* Accelermetor.xcdatamodel */;
			path = Accelermetor.xcdatamodeld;
			sourceTree = "<group>";
			versionGroupType = wrapper.xcdatamodel;
		};
/* End XCVersionGroup section */
	};
	rootObject = 662DF05520D019DB00B86310 /* Project object */;
}
